
Microsoft Visual Studio Solution File, Format Version 12.00
# Visual Studio Version 16
VisualStudioVersion = 16.0.32002.261
MinimumVisualStudioVersion = 10.0.40219.1
Project("{9A19103F-16F7-4668-BE54-9A1E7A4F7556}") = "ACLP.Tests", "ACLP.Tests.csproj", "{29F68CA9-0877-4DF0-AAC8-79A756BC3186}"
	ProjectSection(ProjectDependencies) = postProject
		{1E50EB2B-F117-466C-8715-6AF41160AA03} = {1E50EB2B-F117-466C-8715-6AF41160AA03}
		{F7B26DFC-122B-40B1-B9CF-126D5454E0EC} = {F7B26DFC-122B-40B1-B9CF-126D5454E0EC}
	EndProjectSection
EndProject
Project("{FAE04EC0-301F-11D3-BF4B-00C04F79EFBC}") = "ACLP.Framework", "..\ACLP.Framework\ACLP.Framework.csproj", "{F7B26DFC-122B-40B1-B9CF-126D5454E0EC}"
EndProject
Project("{FAE04EC0-301F-11D3-BF4B-00C04F79EFBC}") = "REQRES.API", "..\REQRES.API\REQRES.API.csproj", "{1E50EB2B-F117-466C-8715-6AF41160AA03}"
	ProjectSection(ProjectDependencies) = postProject
		{F7B26DFC-122B-40B1-B9CF-126D5454E0EC} = {F7B26DFC-122B-40B1-B9CF-126D5454E0EC}
	EndProjectSection
EndProject
Global
	GlobalSection(SolutionConfigurationPlatforms) = preSolution
		Debug|Any CPU = Debug|Any CPU
		Release|Any CPU = Release|Any CPU
	EndGlobalSection
	GlobalSection(ProjectConfigurationPlatforms) = postSolution
		{29F68CA9-0877-4DF0-AAC8-79A756BC3186}.Debug|Any CPU.ActiveCfg = Debug|Any CPU
		{29F68CA9-0877-4DF0-AAC8-79A756BC3186}.Debug|Any CPU.Build.0 = Debug|Any CPU
		{29F68CA9-0877-4DF0-AAC8-79A756BC3186}.Release|Any CPU.ActiveCfg = Release|Any CPU
		{29F68CA9-0877-4DF0-AAC8-79A756BC3186}.Release|Any CPU.Build.0 = Release|Any CPU
		{F7B26DFC-122B-40B1-B9CF-126D5454E0EC}.Debug|Any CPU.ActiveCfg = Debug|Any CPU
		{F7B26DFC-122B-40B1-B9CF-126D5454E0EC}.Debug|Any CPU.Build.0 = Debug|Any CPU
		{F7B26DFC-122B-40B1-B9CF-126D5454E0EC}.Release|Any CPU.ActiveCfg = Release|Any CPU
		{F7B26DFC-122B-40B1-B9CF-126D5454E0EC}.Release|Any CPU.Build.0 = Release|Any CPU
		{1E50EB2B-F117-466C-8715-6AF41160AA03}.Debug|Any CPU.ActiveCfg = Debug|Any CPU
		{1E50EB2B-F117-466C-8715-6AF41160AA03}.Debug|Any CPU.Build.0 = Debug|Any CPU
		{1E50EB2B-F117-466C-8715-6AF41160AA03}.Release|Any CPU.ActiveCfg = Release|Any CPU
		{1E50EB2B-F117-466C-8715-6AF41160AA03}.Release|Any CPU.Build.0 = Release|Any CPU
	EndGlobalSection
	GlobalSection(SolutionProperties) = preSolution
		HideSolutionNode = FALSE
	EndGlobalSection
	GlobalSection(ExtensibilityGlobals) = postSolution
		SolutionGuid = {2B2ED5F2-2060-4E67-8205-626C295E620D}
	EndGlobalSection
EndGlobal
